
Microsoft Visual Studio Solution File, Format Version 12.00
# Visual Studio 14
VisualStudioVersion = 14.0.23107.0
MinimumVisualStudioVersion = 10.0.40219.1
Project("{FAE04EC0-301F-11D3-BF4B-00C04F79EFBC}") = "MontyHall", "MontyHall\MontyHall.csproj", "{41AE4B0F-398E-4D24-95C5-227731812E52}"
EndProject
Project("{FAE04EC0-301F-11D3-BF4B-00C04F79EFBC}") = "GameTest", "GameTest\GameTest.csproj", "{83A14D4C-C867-4261-871A-DCE1F980B272}"
EndProject
Global
	GlobalSection(SolutionConfigurationPlatforms) = preSolution
		Debug|Any CPU = Debug|Any CPU
		Release|Any CPU = Release|Any CPU
	EndGlobalSection
	GlobalSection(ProjectConfigurationPlatforms) = postSolution
		{41AE4B0F-398E-4D24-95C5-227731812E52}.Debug|Any CPU.ActiveCfg = Debug|Any CPU
		{41AE4B0F-398E-4D24-95C5-227731812E52}.Debug|Any CPU.Build.0 = Debug|Any CPU
		{41AE4B0F-398E-4D24-95C5-227731812E52}.Release|Any CPU.ActiveCfg = Release|Any CPU
		{41AE4B0F-398E-4D24-95C5-227731812E52}.Release|Any CPU.Build.0 = Release|Any CPU
		{83A14D4C-C867-4261-871A-DCE1F980B272}.Debug|Any CPU.ActiveCfg = Debug|Any CPU
		{83A14D4C-C867-4261-871A-DCE1F980B272}.Debug|Any CPU.Build.0 = Debug|Any CPU
		{83A14D4C-C867-4261-871A-DCE1F980B272}.Release|Any CPU.ActiveCfg = Release|Any CPU
		{83A14D4C-C867-4261-871A-DCE1F980B272}.Release|Any CPU.Build.0 = Release|Any CPU
	EndGlobalSection
	GlobalSection(SolutionProperties) = preSolution
		HideSolutionNode = FALSE
	EndGlobalSection
EndGlobal
